
Microsoft Visual Studio Solution File, Format Version 12.00
# Visual Studio Version 16
VisualStudioVersion = 16.0.33423.256
MinimumVisualStudioVersion = 10.0.40219.1
Project("{FAE04EC0-301F-11D3-BF4B-00C04F79EFBC}") = "MvcTicariOtomasyon", "MvcTicariOtomasyon\MvcTicariOtomasyon.csproj", "{06974EDF-59B6-461C-A692-86770B262841}"
EndProject
Global
	GlobalSection(SolutionConfigurationPlatforms) = preSolution
		Debug|Any CPU = Debug|Any CPU
		Release|Any CPU = Release|Any CPU
	EndGlobalSection
	GlobalSection(ProjectConfigurationPlatforms) = postSolution
		{06974EDF-59B6-461C-A692-86770B262841}.Debug|Any CPU.ActiveCfg = Debug|Any CPU
		{06974EDF-59B6-461C-A692-86770B262841}.Debug|Any CPU.Build.0 = Debug|Any CPU
		{06974EDF-59B6-461C-A692-86770B262841}.Release|Any CPU.ActiveCfg = Release|Any CPU
		{06974EDF-59B6-461C-A692-86770B262841}.Release|Any CPU.Build.0 = Release|Any CPU
	EndGlobalSection
	GlobalSection(SolutionProperties) = preSolution
		HideSolutionNode = FALSE
	EndGlobalSection
	GlobalSection(ExtensibilityGlobals) = postSolution
		SolutionGuid = {04CF2EDF-37EC-4C73-BAA2-879F9355A9F4}
	EndGlobalSection
EndGlobal
